// !$*UTF8*$!
{
	archiveVersion = 1;
	classes = {
	};
	objectVersion = 56;
	objects = {

/* Begin PBXBuildFile section */
		AB520EC32A3F2C7F00C9923C /* MobileAssignmentApp.swift in Sources */ = {isa = PBXBuildFile; fileRef = AB520EC22A3F2C7F00C9923C /* MobileAssignmentApp.swift */; };
		AB520EC52A3F2C7F00C9923C /* ContentView.swift in Sources */ = {isa = PBXBuildFile; fileRef = AB520EC42A3F2C7F00C9923C /* ContentView.swift */; };
		AB520EC72A3F2C8000C9923C /* Assets.xcassets in Resources */ = {isa = PBXBuildFile; fileRef = AB520EC62A3F2C8000C9923C /* Assets.xcassets */; };
		AB520ECA2A3F2C8000C9923C /* Preview Assets.xcassets in Resources */ = {isa = PBXBuildFile; fileRef = AB520EC92A3F2C8000C9923C /* Preview Assets.xcassets */; };
		AB520ED42A3F2C8000C9923C /* MobileAssignmentTests.swift in Sources */ = {isa = PBXBuildFile; fileRef = AB520ED32A3F2C8000C9923C /* MobileAssignmentTests.swift */; };
		AB520EDE2A3F2C8000C9923C /* MobileAssignmentUITests.swift in Sources */ = {isa = PBXBuildFile; fileRef = AB520EDD2A3F2C8000C9923C /* MobileAssignmentUITests.swift */; };
		AB520EE02A3F2C8000C9923C /* MobileAssignmentUITestsLaunchTests.swift in Sources */ = {isa = PBXBuildFile; fileRef = AB520EDF2A3F2C8000C9923C /* MobileAssignmentUITestsLaunchTests.swift */; };
		AB520EED2A3F2CE000C9923C /* GoogleService-Info.plist in Resources */ = {isa = PBXBuildFile; fileRef = AB520EEC2A3F2CE000C9923C /* GoogleService-Info.plist */; };
		AB520EEE2A3F2CE000C9923C /* GoogleService-Info.plist in Resources */ = {isa = PBXBuildFile; fileRef = AB520EEC2A3F2CE000C9923C /* GoogleService-Info.plist */; };
		AB520EEF2A3F2CE000C9923C /* GoogleService-Info.plist in Resources */ = {isa = PBXBuildFile; fileRef = AB520EEC2A3F2CE000C9923C /* GoogleService-Info.plist */; };
		AB520EF22A3F2DA100C9923C /* FirebaseAuth in Frameworks */ = {isa = PBXBuildFile; productRef = AB520EF12A3F2DA100C9923C /* FirebaseAuth */; };
		AB520EF42A3F2DA100C9923C /* FirebaseFirestore in Frameworks */ = {isa = PBXBuildFile; productRef = AB520EF32A3F2DA100C9923C /* FirebaseFirestore */; };
		AB520EF62A3F2DA100C9923C /* FirebaseFirestoreSwift in Frameworks */ = {isa = PBXBuildFile; productRef = AB520EF52A3F2DA100C9923C /* FirebaseFirestoreSwift */; };
		AB520EF92A3F2DCA00C9923C /* AuthView.swift in Sources */ = {isa = PBXBuildFile; fileRef = AB520EF82A3F2DCA00C9923C /* AuthView.swift */; };
		AB520EFA2A3F2DCA00C9923C /* AuthView.swift in Sources */ = {isa = PBXBuildFile; fileRef = AB520EF82A3F2DCA00C9923C /* AuthView.swift */; };
		AB520EFB2A3F2DCA00C9923C /* AuthView.swift in Sources */ = {isa = PBXBuildFile; fileRef = AB520EF82A3F2DCA00C9923C /* AuthView.swift */; };
		AB520EFE2A3F306900C9923C /* FirebaseDatabase in Frameworks */ = {isa = PBXBuildFile; productRef = AB520EFD2A3F306900C9923C /* FirebaseDatabase */; };
		AB520F052A3F540800C9923C /* User.swift in Sources */ = {isa = PBXBuildFile; fileRef = AB520F042A3F540800C9923C /* User.swift */; };
		AB520F062A3F540800C9923C /* User.swift in Sources */ = {isa = PBXBuildFile; fileRef = AB520F042A3F540800C9923C /* User.swift */; };
		AB520F072A3F540800C9923C /* User.swift in Sources */ = {isa = PBXBuildFile; fileRef = AB520F042A3F540800C9923C /* User.swift */; };
		AB520F092A3F5BB400C9923C /* LoadingView.swift in Sources */ = {isa = PBXBuildFile; fileRef = AB520F082A3F5BB400C9923C /* LoadingView.swift */; };
		AB520F0A2A3F5BB400C9923C /* LoadingView.swift in Sources */ = {isa = PBXBuildFile; fileRef = AB520F082A3F5BB400C9923C /* LoadingView.swift */; };
		AB520F0B2A3F5BB400C9923C /* LoadingView.swift in Sources */ = {isa = PBXBuildFile; fileRef = AB520F082A3F5BB400C9923C /* LoadingView.swift */; };
		AB520F0D2A3F649B00C9923C /* MainView.swift in Sources */ = {isa = PBXBuildFile; fileRef = AB520F0C2A3F649B00C9923C /* MainView.swift */; };
		AB520F0E2A3F649B00C9923C /* MainView.swift in Sources */ = {isa = PBXBuildFile; fileRef = AB520F0C2A3F649B00C9923C /* MainView.swift */; };
		AB520F0F2A3F649B00C9923C /* MainView.swift in Sources */ = {isa = PBXBuildFile; fileRef = AB520F0C2A3F649B00C9923C /* MainView.swift */; };
		AB520F132A3F668500C9923C /* ProfileView.swift in Sources */ = {isa = PBXBuildFile; fileRef = AB520F122A3F668500C9923C /* ProfileView.swift */; };
		AB520F142A3F668500C9923C /* ProfileView.swift in Sources */ = {isa = PBXBuildFile; fileRef = AB520F122A3F668500C9923C /* ProfileView.swift */; };
		AB520F152A3F668500C9923C /* ProfileView.swift in Sources */ = {isa = PBXBuildFile; fileRef = AB520F122A3F668500C9923C /* ProfileView.swift */; };
		AB520F172A3F718B00C9923C /* EditProfileView.swift in Sources */ = {isa = PBXBuildFile; fileRef = AB520F162A3F718B00C9923C /* EditProfileView.swift */; };
		AB520F182A3F718B00C9923C /* EditProfileView.swift in Sources */ = {isa = PBXBuildFile; fileRef = AB520F162A3F718B00C9923C /* EditProfileView.swift */; };
		AB520F192A3F718B00C9923C /* EditProfileView.swift in Sources */ = {isa = PBXBuildFile; fileRef = AB520F162A3F718B00C9923C /* EditProfileView.swift */; };
		AB520F1B2A3F794C00C9923C /* GoogleService-Info.plist in Resources */ = {isa = PBXBuildFile; fileRef = AB520F1A2A3F794C00C9923C /* GoogleService-Info.plist */; };
		AB520F1C2A3F794C00C9923C /* GoogleService-Info.plist in Resources */ = {isa = PBXBuildFile; fileRef = AB520F1A2A3F794C00C9923C /* GoogleService-Info.plist */; };
		AB520F1D2A3F794C00C9923C /* GoogleService-Info.plist in Resources */ = {isa = PBXBuildFile; fileRef = AB520F1A2A3F794C00C9923C /* GoogleService-Info.plist */; };
		ABD36ACE2A47464A0060325C /* Job.swift in Sources */ = {isa = PBXBuildFile; fileRef = ABD36ACD2A47464A0060325C /* Job.swift */; };
		ABD36ACF2A47464A0060325C /* Job.swift in Sources */ = {isa = PBXBuildFile; fileRef = ABD36ACD2A47464A0060325C /* Job.swift */; };
		ABD36AD02A47464A0060325C /* Job.swift in Sources */ = {isa = PBXBuildFile; fileRef = ABD36ACD2A47464A0060325C /* Job.swift */; };
		ABD36AD22A4748780060325C /* CreateJobView.swift in Sources */ = {isa = PBXBuildFile; fileRef = ABD36AD12A4748780060325C /* CreateJobView.swift */; };
		ABD36AD32A4748780060325C /* CreateJobView.swift in Sources */ = {isa = PBXBuildFile; fileRef = ABD36AD12A4748780060325C /* CreateJobView.swift */; };
		ABD36AD42A4748780060325C /* CreateJobView.swift in Sources */ = {isa = PBXBuildFile; fileRef = ABD36AD12A4748780060325C /* CreateJobView.swift */; };
		ABD36AD62A474CEE0060325C /* FirebaseStorage in Frameworks */ = {isa = PBXBuildFile; productRef = ABD36AD52A474CEE0060325C /* FirebaseStorage */; };
		ABD36AD82A4771380060325C /* JobsView.swift in Sources */ = {isa = PBXBuildFile; fileRef = ABD36AD72A4771380060325C /* JobsView.swift */; };
		ABD36AD92A4771380060325C /* JobsView.swift in Sources */ = {isa = PBXBuildFile; fileRef = ABD36AD72A4771380060325C /* JobsView.swift */; };
		ABD36ADA2A4771380060325C /* JobsView.swift in Sources */ = {isa = PBXBuildFile; fileRef = ABD36AD72A4771380060325C /* JobsView.swift */; };
		ABD36ADC2A4812850060325C /* ImagePicker.swift in Sources */ = {isa = PBXBuildFile; fileRef = ABD36ADB2A4812840060325C /* ImagePicker.swift */; };
		ABD36ADD2A4812850060325C /* ImagePicker.swift in Sources */ = {isa = PBXBuildFile; fileRef = ABD36ADB2A4812840060325C /* ImagePicker.swift */; };
		ABD36ADE2A4812850060325C /* ImagePicker.swift in Sources */ = {isa = PBXBuildFile; fileRef = ABD36ADB2A4812840060325C /* ImagePicker.swift */; };
		ABD36AE02A4834DF0060325C /* JobCardView.swift in Sources */ = {isa = PBXBuildFile; fileRef = ABD36ADF2A4834DF0060325C /* JobCardView.swift */; };
		ABD36AE12A4834DF0060325C /* JobCardView.swift in Sources */ = {isa = PBXBuildFile; fileRef = ABD36ADF2A4834DF0060325C /* JobCardView.swift */; };
		ABD36AE22A4834DF0060325C /* JobCardView.swift in Sources */ = {isa = PBXBuildFile; fileRef = ABD36ADF2A4834DF0060325C /* JobCardView.swift */; };
		ABD36AE52A4835920060325C /* SDWebImageSwiftUI in Frameworks */ = {isa = PBXBuildFile; productRef = ABD36AE42A4835920060325C /* SDWebImageSwiftUI */; };
		ABD36AE82A4A0B390060325C /* ChatView.swift in Sources */ = {isa = PBXBuildFile; fileRef = ABD36AE72A4A0B390060325C /* ChatView.swift */; };
		ABD36AE92A4A0B390060325C /* ChatView.swift in Sources */ = {isa = PBXBuildFile; fileRef = ABD36AE72A4A0B390060325C /* ChatView.swift */; };
		ABD36AEA2A4A0B390060325C /* ChatView.swift in Sources */ = {isa = PBXBuildFile; fileRef = ABD36AE72A4A0B390060325C /* ChatView.swift */; };
		ABD36AEC2A4A2E8D0060325C /* Chat.swift in Sources */ = {isa = PBXBuildFile; fileRef = ABD36AEB2A4A2E8D0060325C /* Chat.swift */; };
		ABD36AED2A4A2E8D0060325C /* Chat.swift in Sources */ = {isa = PBXBuildFile; fileRef = ABD36AEB2A4A2E8D0060325C /* Chat.swift */; };
		ABD36AEE2A4A2E8D0060325C /* Chat.swift in Sources */ = {isa = PBXBuildFile; fileRef = ABD36AEB2A4A2E8D0060325C /* Chat.swift */; };
		ABD36AF02A4AAE480060325C /* ChatMessage.swift in Sources */ = {isa = PBXBuildFile; fileRef = ABD36AEF2A4AAE480060325C /* ChatMessage.swift */; };
		ABD36AF12A4AAE480060325C /* ChatMessage.swift in Sources */ = {isa = PBXBuildFile; fileRef = ABD36AEF2A4AAE480060325C /* ChatMessage.swift */; };
		ABD36AF22A4AAE480060325C /* ChatMessage.swift in Sources */ = {isa = PBXBuildFile; fileRef = ABD36AEF2A4AAE480060325C /* ChatMessage.swift */; };
		ABD36AF42A4AB95A0060325C /* ChatListView.swift in Sources */ = {isa = PBXBuildFile; fileRef = ABD36AF32A4AB95A0060325C /* ChatListView.swift */; };
		ABD36AF52A4AB95A0060325C /* ChatListView.swift in Sources */ = {isa = PBXBuildFile; fileRef = ABD36AF32A4AB95A0060325C /* ChatListView.swift */; };
		ABD36AF62A4AB95B0060325C /* ChatListView.swift in Sources */ = {isa = PBXBuildFile; fileRef = ABD36AF32A4AB95A0060325C /* ChatListView.swift */; };
		ABD36AF92A4AE21B0060325C /* GoogleSignIn in Frameworks */ = {isa = PBXBuildFile; productRef = ABD36AF82A4AE21B0060325C /* GoogleSignIn */; };
		ABD36AFB2A4AE21B0060325C /* GoogleSignInSwift in Frameworks */ = {isa = PBXBuildFile; productRef = ABD36AFA2A4AE21B0060325C /* GoogleSignInSwift */; };
		ABD36AFE2A4AF68A0060325C /* AudioView.swift in Sources */ = {isa = PBXBuildFile; fileRef = ABD36AFD2A4AF68A0060325C /* AudioView.swift */; };
		ABD36AFF2A4AF68A0060325C /* AudioView.swift in Sources */ = {isa = PBXBuildFile; fileRef = ABD36AFD2A4AF68A0060325C /* AudioView.swift */; };
		ABD36B002A4AF68A0060325C /* AudioView.swift in Sources */ = {isa = PBXBuildFile; fileRef = ABD36AFD2A4AF68A0060325C /* AudioView.swift */; };
/* End PBXBuildFile section */

/* Begin PBXContainerItemProxy section */
		AB520ED02A3F2C8000C9923C /* PBXContainerItemProxy */ = {
			isa = PBXContainerItemProxy;
			containerPortal = AB520EB72A3F2C7F00C9923C /* Project object */;
			proxyType = 1;
			remoteGlobalIDString = AB520EBE2A3F2C7F00C9923C;
			remoteInfo = MobileAssignment;
		};
		AB520EDA2A3F2C8000C9923C /* PBXContainerItemProxy */ = {
			isa = PBXContainerItemProxy;
			containerPortal = AB520EB72A3F2C7F00C9923C /* Project object */;
			proxyType = 1;
			remoteGlobalIDString = AB520EBE2A3F2C7F00C9923C;
			remoteInfo = MobileAssignment;
		};
/* End PBXContainerItemProxy section */

/* Begin PBXFileReference section */
		AB520EBF2A3F2C7F00C9923C /* MobileAssignment.app */ = {isa = PBXFileReference; explicitFileType = wrapper.application; includeInIndex = 0; path = MobileAssignment.app; sourceTree = BUILT_PRODUCTS_DIR; };
		AB520EC22A3F2C7F00C9923C /* MobileAssignmentApp.swift */ = {isa = PBXFileReference; lastKnownFileType = sourcecode.swift; path = MobileAssignmentApp.swift; sourceTree = "<group>"; };
		AB520EC42A3F2C7F00C9923C /* ContentView.swift */ = {isa = PBXFileReference; lastKnownFileType = sourcecode.swift; path = ContentView.swift; sourceTree = "<group>"; };
		AB520EC62A3F2C8000C9923C /* Assets.xcassets */ = {isa = PBXFileReference; lastKnownFileType = folder.assetcatalog; path = Assets.xcassets; sourceTree = "<group>"; };
		AB520EC92A3F2C8000C9923C /* Preview Assets.xcassets */ = {isa = PBXFileReference; lastKnownFileType = folder.assetcatalog; path = "Preview Assets.xcassets"; sourceTree = "<group>"; };
		AB520ECF2A3F2C8000C9923C /* MobileAssignmentTests.xctest */ = {isa = PBXFileReference; explicitFileType = wrapper.cfbundle; includeInIndex = 0; path = MobileAssignmentTests.xctest; sourceTree = BUILT_PRODUCTS_DIR; };
		AB520ED32A3F2C8000C9923C /* MobileAssignmentTests.swift */ = {isa = PBXFileReference; lastKnownFileType = sourcecode.swift; path = MobileAssignmentTests.swift; sourceTree = "<group>"; };
		AB520ED92A3F2C8000C9923C /* MobileAssignmentUITests.xctest */ = {isa = PBXFileReference; explicitFileType = wrapper.cfbundle; includeInIndex = 0; path = MobileAssignmentUITests.xctest; sourceTree = BUILT_PRODUCTS_DIR; };
		AB520EDD2A3F2C8000C9923C /* MobileAssignmentUITests.swift */ = {isa = PBXFileReference; lastKnownFileType = sourcecode.swift; path = MobileAssignmentUITests.swift; sourceTree = "<group>"; };
		AB520EDF2A3F2C8000C9923C /* MobileAssignmentUITestsLaunchTests.swift */ = {isa = PBXFileReference; lastKnownFileType = sourcecode.swift; path = MobileAssignmentUITestsLaunchTests.swift; sourceTree = "<group>"; };
		AB520EEC2A3F2CE000C9923C /* GoogleService-Info.plist */ = {isa = PBXFileReference; fileEncoding = 4; lastKnownFileType = text.plist.xml; path = "GoogleService-Info.plist"; sourceTree = "<group>"; };
		AB520EF82A3F2DCA00C9923C /* AuthView.swift */ = {isa = PBXFileReference; lastKnownFileType = sourcecode.swift; path = AuthView.swift; sourceTree = "<group>"; };
		AB520F042A3F540800C9923C /* User.swift */ = {isa = PBXFileReference; lastKnownFileType = sourcecode.swift; path = User.swift; sourceTree = "<group>"; };
		AB520F082A3F5BB400C9923C /* LoadingView.swift */ = {isa = PBXFileReference; lastKnownFileType = sourcecode.swift; path = LoadingView.swift; sourceTree = "<group>"; };
		AB520F0C2A3F649B00C9923C /* MainView.swift */ = {isa = PBXFileReference; lastKnownFileType = sourcecode.swift; path = MainView.swift; sourceTree = "<group>"; };
		AB520F122A3F668500C9923C /* ProfileView.swift */ = {isa = PBXFileReference; lastKnownFileType = sourcecode.swift; path = ProfileView.swift; sourceTree = "<group>"; };
		AB520F162A3F718B00C9923C /* EditProfileView.swift */ = {isa = PBXFileReference; lastKnownFileType = sourcecode.swift; path = EditProfileView.swift; sourceTree = "<group>"; };
		AB520F1A2A3F794C00C9923C /* GoogleService-Info.plist */ = {isa = PBXFileReference; fileEncoding = 4; lastKnownFileType = text.plist.xml; path = "GoogleService-Info.plist"; sourceTree = "<group>"; };
		ABD36ACD2A47464A0060325C /* Job.swift */ = {isa = PBXFileReference; lastKnownFileType = sourcecode.swift; path = Job.swift; sourceTree = "<group>"; };
		ABD36AD12A4748780060325C /* CreateJobView.swift */ = {isa = PBXFileReference; lastKnownFileType = sourcecode.swift; path = CreateJobView.swift; sourceTree = "<group>"; };
		ABD36AD72A4771380060325C /* JobsView.swift */ = {isa = PBXFileReference; lastKnownFileType = sourcecode.swift; path = JobsView.swift; sourceTree = "<group>"; };
		ABD36ADB2A4812840060325C /* ImagePicker.swift */ = {isa = PBXFileReference; lastKnownFileType = sourcecode.swift; path = ImagePicker.swift; sourceTree = "<group>"; };
		ABD36ADF2A4834DF0060325C /* JobCardView.swift */ = {isa = PBXFileReference; lastKnownFileType = sourcecode.swift; path = JobCardView.swift; sourceTree = "<group>"; };
		ABD36AE72A4A0B390060325C /* ChatView.swift */ = {isa = PBXFileReference; lastKnownFileType = sourcecode.swift; path = ChatView.swift; sourceTree = "<group>"; };
		ABD36AEB2A4A2E8D0060325C /* Chat.swift */ = {isa = PBXFileReference; lastKnownFileType = sourcecode.swift; path = Chat.swift; sourceTree = "<group>"; };
		ABD36AEF2A4AAE480060325C /* ChatMessage.swift */ = {isa = PBXFileReference; lastKnownFileType = sourcecode.swift; path = ChatMessage.swift; sourceTree = "<group>"; };
		ABD36AF32A4AB95A0060325C /* ChatListView.swift */ = {isa = PBXFileReference; lastKnownFileType = sourcecode.swift; path = ChatListView.swift; sourceTree = "<group>"; };
		ABD36AFC2A4AE2900060325C /* Info.plist */ = {isa = PBXFileReference; lastKnownFileType = text.plist; path = Info.plist; sourceTree = "<group>"; };
		ABD36AFD2A4AF68A0060325C /* AudioView.swift */ = {isa = PBXFileReference; lastKnownFileType = sourcecode.swift; path = AudioView.swift; sourceTree = "<group>"; };
/* End PBXFileReference section */

/* Begin PBXFrameworksBuildPhase section */
		AB520EBC2A3F2C7F00C9923C /* Frameworks */ = {
			isa = PBXFrameworksBuildPhase;
			buildActionMask = 2147483647;
			files = (
				ABD36AE52A4835920060325C /* SDWebImageSwiftUI in Frameworks */,
				AB520EF22A3F2DA100C9923C /* FirebaseAuth in Frameworks */,
				AB520EF42A3F2DA100C9923C /* FirebaseFirestore in Frameworks */,
				ABD36AFB2A4AE21B0060325C /* GoogleSignInSwift in Frameworks */,
				AB520EFE2A3F306900C9923C /* FirebaseDatabase in Frameworks */,
				ABD36AD62A474CEE0060325C /* FirebaseStorage in Frameworks */,
				AB520EF62A3F2DA100C9923C /* FirebaseFirestoreSwift in Frameworks */,
				ABD36AF92A4AE21B0060325C /* GoogleSignIn in Frameworks */,
			);
			runOnlyForDeploymentPostprocessing = 0;
		};
		AB520ECC2A3F2C8000C9923C /* Frameworks */ = {
			isa = PBXFrameworksBuildPhase;
			buildActionMask = 2147483647;
			files = (
			);
			runOnlyForDeploymentPostprocessing = 0;
		};
		AB520ED62A3F2C8000C9923C /* Frameworks */ = {
			isa = PBXFrameworksBuildPhase;
			buildActionMask = 2147483647;
			files = (
			);
			runOnlyForDeploymentPostprocessing = 0;
		};
/* End PBXFrameworksBuildPhase section */

/* Begin PBXGroup section */
		AB520EB62A3F2C7F00C9923C = {
			isa = PBXGroup;
			children = (
				AB520EC12A3F2C7F00C9923C /* MobileAssignment */,
				AB520ED22A3F2C8000C9923C /* MobileAssignmentTests */,
				AB520EDC2A3F2C8000C9923C /* MobileAssignmentUITests */,
				AB520EC02A3F2C7F00C9923C /* Products */,
				AB520EFC2A3F306900C9923C /* Frameworks */,
			);
			sourceTree = "<group>";
		};
		AB520EC02A3F2C7F00C9923C /* Products */ = {
			isa = PBXGroup;
			children = (
				AB520EBF2A3F2C7F00C9923C /* MobileAssignment.app */,
				AB520ECF2A3F2C8000C9923C /* MobileAssignmentTests.xctest */,
				AB520ED92A3F2C8000C9923C /* MobileAssignmentUITests.xctest */,
			);
			name = Products;
			sourceTree = "<group>";
		};
		AB520EC12A3F2C7F00C9923C /* MobileAssignment */ = {
			isa = PBXGroup;
			children = (
				ABD36AFC2A4AE2900060325C /* Info.plist */,
				AB520F1A2A3F794C00C9923C /* GoogleService-Info.plist */,
				AB520EFF2A3F53C100C9923C /* Model */,
				AB520EF72A3F2DB100C9923C /* View */,
				AB520EEC2A3F2CE000C9923C /* GoogleService-Info.plist */,
				AB520EC22A3F2C7F00C9923C /* MobileAssignmentApp.swift */,
				AB520EC42A3F2C7F00C9923C /* ContentView.swift */,
				AB520EC62A3F2C8000C9923C /* Assets.xcassets */,
				AB520EC82A3F2C8000C9923C /* Preview Content */,
			);
			path = MobileAssignment;
			sourceTree = "<group>";
		};
		AB520EC82A3F2C8000C9923C /* Preview Content */ = {
			isa = PBXGroup;
			children = (
				AB520EC92A3F2C8000C9923C /* Preview Assets.xcassets */,
			);
			path = "Preview Content";
			sourceTree = "<group>";
		};
		AB520ED22A3F2C8000C9923C /* MobileAssignmentTests */ = {
			isa = PBXGroup;
			children = (
				AB520ED32A3F2C8000C9923C /* MobileAssignmentTests.swift */,
			);
			path = MobileAssignmentTests;
			sourceTree = "<group>";
		};
		AB520EDC2A3F2C8000C9923C /* MobileAssignmentUITests */ = {
			isa = PBXGroup;
			children = (
				AB520EDD2A3F2C8000C9923C /* MobileAssignmentUITests.swift */,
				AB520EDF2A3F2C8000C9923C /* MobileAssignmentUITestsLaunchTests.swift */,
			);
			path = MobileAssignmentUITests;
			sourceTree = "<group>";
		};
		AB520EF72A3F2DB100C9923C /* View */ = {
			isa = PBXGroup;
			children = (
				AB520F112A3F665A00C9923C /* MainView */,
				AB520EF82A3F2DCA00C9923C /* AuthView.swift */,
				AB520F082A3F5BB400C9923C /* LoadingView.swift */,
				ABD36ADB2A4812840060325C /* ImagePicker.swift */,
			);
			path = View;
			sourceTree = "<group>";
		};
		AB520EFC2A3F306900C9923C /* Frameworks */ = {
			isa = PBXGroup;
			children = (
			);
			name = Frameworks;
			sourceTree = "<group>";
		};
		AB520EFF2A3F53C100C9923C /* Model */ = {
			isa = PBXGroup;
			children = (
				AB520F042A3F540800C9923C /* User.swift */,
				ABD36ACD2A47464A0060325C /* Job.swift */,
				ABD36AEB2A4A2E8D0060325C /* Chat.swift */,
				ABD36AEF2A4AAE480060325C /* ChatMessage.swift */,
			);
			path = Model;
			sourceTree = "<group>";
		};
		AB520F112A3F665A00C9923C /* MainView */ = {
			isa = PBXGroup;
			children = (
				ABD36AE62A4A0B1A0060325C /* Chat */,
				AB520F0C2A3F649B00C9923C /* MainView.swift */,
				AB520F122A3F668500C9923C /* ProfileView.swift */,
				AB520F162A3F718B00C9923C /* EditProfileView.swift */,
				ABD36AD12A4748780060325C /* CreateJobView.swift */,
				ABD36AD72A4771380060325C /* JobsView.swift */,
				ABD36ADF2A4834DF0060325C /* JobCardView.swift */,
			);
			path = MainView;
			sourceTree = "<group>";
		};
		ABD36AE62A4A0B1A0060325C /* Chat */ = {
			isa = PBXGroup;
			children = (
				ABD36AE72A4A0B390060325C /* ChatView.swift */,
				ABD36AF32A4AB95A0060325C /* ChatListView.swift */,
				ABD36AFD2A4AF68A0060325C /* AudioView.swift */,
			);
			path = Chat;
			sourceTree = "<group>";
		};
/* End PBXGroup section */

/* Begin PBXNativeTarget section */
		AB520EBE2A3F2C7F00C9923C /* MobileAssignment */ = {
			isa = PBXNativeTarget;
			buildConfigurationList = AB520EE32A3F2C8000C9923C /* Build configuration list for PBXNativeTarget "MobileAssignment" */;
			buildPhases = (
				AB520EBB2A3F2C7F00C9923C /* Sources */,
				AB520EBC2A3F2C7F00C9923C /* Frameworks */,
				AB520EBD2A3F2C7F00C9923C /* Resources */,
			);
			buildRules = (
			);
			dependencies = (
			);
			name = MobileAssignment;
			packageProductDependencies = (
				AB520EF12A3F2DA100C9923C /* FirebaseAuth */,
				AB520EF32A3F2DA100C9923C /* FirebaseFirestore */,
				AB520EF52A3F2DA100C9923C /* FirebaseFirestoreSwift */,
				AB520EFD2A3F306900C9923C /* FirebaseDatabase */,
				ABD36AD52A474CEE0060325C /* FirebaseStorage */,
				ABD36AE42A4835920060325C /* SDWebImageSwiftUI */,
				ABD36AF82A4AE21B0060325C /* GoogleSignIn */,
				ABD36AFA2A4AE21B0060325C /* GoogleSignInSwift */,
			);
			productName = MobileAssignment;
			productReference = AB520EBF2A3F2C7F00C9923C /* MobileAssignment.app */;
			productType = "com.apple.product-type.application";
		};
		AB520ECE2A3F2C8000C9923C /* MobileAssignmentTests */ = {
			isa = PBXNativeTarget;
			buildConfigurationList = AB520EE62A3F2C8000C9923C /* Build configuration list for PBXNativeTarget "MobileAssignmentTests" */;
			buildPhases = (
				AB520ECB2A3F2C8000C9923C /* Sources */,
				AB520ECC2A3F2C8000C9923C /* Frameworks */,
				AB520ECD2A3F2C8000C9923C /* Resources */,
			);
			buildRules = (
			);
			dependencies = (
				AB520ED12A3F2C8000C9923C /* PBXTargetDependency */,
			);
			name = MobileAssignmentTests;
			productName = MobileAssignmentTests;
			productReference = AB520ECF2A3F2C8000C9923C /* MobileAssignmentTests.xctest */;
			productType = "com.apple.product-type.bundle.unit-test";
		};
		AB520ED82A3F2C8000C9923C /* MobileAssignmentUITests */ = {
			isa = PBXNativeTarget;
			buildConfigurationList = AB520EE92A3F2C8000C9923C /* Build configuration list for PBXNativeTarget "MobileAssignmentUITests" */;
			buildPhases = (
				AB520ED52A3F2C8000C9923C /* Sources */,
				AB520ED62A3F2C8000C9923C /* Frameworks */,
				AB520ED72A3F2C8000C9923C /* Resources */,
			);
			buildRules = (
			);
			dependencies = (
				AB520EDB2A3F2C8000C9923C /* PBXTargetDependency */,
			);
			name = MobileAssignmentUITests;
			productName = MobileAssignmentUITests;
			productReference = AB520ED92A3F2C8000C9923C /* MobileAssignmentUITests.xctest */;
			productType = "com.apple.product-type.bundle.ui-testing";
		};
/* End PBXNativeTarget section */

/* Begin PBXProject section */
		AB520EB72A3F2C7F00C9923C /* Project object */ = {
			isa = PBXProject;
			attributes = {
				BuildIndependentTargetsInParallel = 1;
				LastSwiftUpdateCheck = 1430;
				LastUpgradeCheck = 1430;
				TargetAttributes = {
					AB520EBE2A3F2C7F00C9923C = {
						CreatedOnToolsVersion = 14.3.1;
					};
					AB520ECE2A3F2C8000C9923C = {
						CreatedOnToolsVersion = 14.3.1;
						TestTargetID = AB520EBE2A3F2C7F00C9923C;
					};
					AB520ED82A3F2C8000C9923C = {
						CreatedOnToolsVersion = 14.3.1;
						TestTargetID = AB520EBE2A3F2C7F00C9923C;
					};
				};
			};
			buildConfigurationList = AB520EBA2A3F2C7F00C9923C /* Build configuration list for PBXProject "MobileAssignment" */;
			compatibilityVersion = "Xcode 14.0";
			developmentRegion = en;
			hasScannedForEncodings = 0;
			knownRegions = (
				en,
				Base,
			);
			mainGroup = AB520EB62A3F2C7F00C9923C;
			packageReferences = (
				AB520EF02A3F2DA100C9923C /* XCRemoteSwiftPackageReference "firebase-ios-sdk" */,
				ABD36AE32A4835920060325C /* XCRemoteSwiftPackageReference "SDWebImageSwiftUI" */,
				ABD36AF72A4AE21B0060325C /* XCRemoteSwiftPackageReference "GoogleSignIn-iOS" */,
			);
			productRefGroup = AB520EC02A3F2C7F00C9923C /* Products */;
			projectDirPath = "";
			projectRoot = "";
			targets = (
				AB520EBE2A3F2C7F00C9923C /* MobileAssignment */,
				AB520ECE2A3F2C8000C9923C /* MobileAssignmentTests */,
				AB520ED82A3F2C8000C9923C /* MobileAssignmentUITests */,
			);
		};
/* End PBXProject section */

/* Begin PBXResourcesBuildPhase section */
		AB520EBD2A3F2C7F00C9923C /* Resources */ = {
			isa = PBXResourcesBuildPhase;
			buildActionMask = 2147483647;
			files = (
				AB520ECA2A3F2C8000C9923C /* Preview Assets.xcassets in Resources */,
				AB520F1B2A3F794C00C9923C /* GoogleService-Info.plist in Resources */,
				AB520EC72A3F2C8000C9923C /* Assets.xcassets in Resources */,
				AB520EED2A3F2CE000C9923C /* GoogleService-Info.plist in Resources */,
			);
			runOnlyForDeploymentPostprocessing = 0;
		};
		AB520ECD2A3F2C8000C9923C /* Resources */ = {
			isa = PBXResourcesBuildPhase;
			buildActionMask = 2147483647;
			files = (
				AB520EEE2A3F2CE000C9923C /* GoogleService-Info.plist in Resources */,
				AB520F1C2A3F794C00C9923C /* GoogleService-Info.plist in Resources */,
			);
			runOnlyForDeploymentPostprocessing = 0;
		};
		AB520ED72A3F2C8000C9923C /* Resources */ = {
			isa = PBXResourcesBuildPhase;
			buildActionMask = 2147483647;
			files = (
				AB520EEF2A3F2CE000C9923C /* GoogleService-Info.plist in Resources */,
				AB520F1D2A3F794C00C9923C /* GoogleService-Info.plist in Resources */,
			);
			runOnlyForDeploymentPostprocessing = 0;
		};
/* End PBXResourcesBuildPhase section */

/* Begin PBXSourcesBuildPhase section */
		AB520EBB2A3F2C7F00C9923C /* Sources */ = {
			isa = PBXSourcesBuildPhase;
			buildActionMask = 2147483647;
			files = (
				AB520F052A3F540800C9923C /* User.swift in Sources */,
				ABD36AF02A4AAE480060325C /* ChatMessage.swift in Sources */,
				AB520F0D2A3F649B00C9923C /* MainView.swift in Sources */,
				AB520F172A3F718B00C9923C /* EditProfileView.swift in Sources */,
				AB520EC52A3F2C7F00C9923C /* ContentView.swift in Sources */,
				ABD36AE82A4A0B390060325C /* ChatView.swift in Sources */,
				ABD36ACE2A47464A0060325C /* Job.swift in Sources */,
				AB520EC32A3F2C7F00C9923C /* MobileAssignmentApp.swift in Sources */,
				ABD36AD22A4748780060325C /* CreateJobView.swift in Sources */,
				AB520F092A3F5BB400C9923C /* LoadingView.swift in Sources */,
				ABD36AD82A4771380060325C /* JobsView.swift in Sources */,
				ABD36ADC2A4812850060325C /* ImagePicker.swift in Sources */,
				ABD36AE02A4834DF0060325C /* JobCardView.swift in Sources */,
				ABD36AFE2A4AF68A0060325C /* AudioView.swift in Sources */,
				AB520F132A3F668500C9923C /* ProfileView.swift in Sources */,
				ABD36AEC2A4A2E8D0060325C /* Chat.swift in Sources */,
				AB520EF92A3F2DCA00C9923C /* AuthView.swift in Sources */,
				ABD36AF42A4AB95A0060325C /* ChatListView.swift in Sources */,
			);
			runOnlyForDeploymentPostprocessing = 0;
		};
		AB520ECB2A3F2C8000C9923C /* Sources */ = {
			isa = PBXSourcesBuildPhase;
			buildActionMask = 2147483647;
			files = (
				AB520F182A3F718B00C9923C /* EditProfileView.swift in Sources */,
				AB520EFA2A3F2DCA00C9923C /* AuthView.swift in Sources */,
				ABD36AD32A4748780060325C /* CreateJobView.swift in Sources */,
				ABD36AF12A4AAE480060325C /* ChatMessage.swift in Sources */,
				ABD36AF52A4AB95A0060325C /* ChatListView.swift in Sources */,
				AB520F0A2A3F5BB400C9923C /* LoadingView.swift in Sources */,
				AB520ED42A3F2C8000C9923C /* MobileAssignmentTests.swift in Sources */,
				AB520F0E2A3F649B00C9923C /* MainView.swift in Sources */,
				ABD36AE92A4A0B390060325C /* ChatView.swift in Sources */,
				ABD36AD92A4771380060325C /* JobsView.swift in Sources */,
				ABD36ADD2A4812850060325C /* ImagePicker.swift in Sources */,
				ABD36AED2A4A2E8D0060325C /* Chat.swift in Sources */,
				ABD36AE12A4834DF0060325C /* JobCardView.swift in Sources */,
				AB520F142A3F668500C9923C /* ProfileView.swift in Sources */,
				AB520F062A3F540800C9923C /* User.swift in Sources */,
				ABD36AFF2A4AF68A0060325C /* AudioView.swift in Sources */,
				ABD36ACF2A47464A0060325C /* Job.swift in Sources */,
			);
			runOnlyForDeploymentPostprocessing = 0;
		};
		AB520ED52A3F2C8000C9923C /* Sources */ = {
			isa = PBXSourcesBuildPhase;
			buildActionMask = 2147483647;
			files = (
				AB520F072A3F540800C9923C /* User.swift in Sources */,
				ABD36AF22A4AAE480060325C /* ChatMessage.swift in Sources */,
				AB520F0F2A3F649B00C9923C /* MainView.swift in Sources */,
				AB520F192A3F718B00C9923C /* EditProfileView.swift in Sources */,
				AB520EDE2A3F2C8000C9923C /* MobileAssignmentUITests.swift in Sources */,
				ABD36AEA2A4A0B390060325C /* ChatView.swift in Sources */,
				ABD36AD02A47464A0060325C /* Job.swift in Sources */,
				AB520EE02A3F2C8000C9923C /* MobileAssignmentUITestsLaunchTests.swift in Sources */,
				ABD36AD42A4748780060325C /* CreateJobView.swift in Sources */,
				AB520F0B2A3F5BB400C9923C /* LoadingView.swift in Sources */,
				ABD36ADA2A4771380060325C /* JobsView.swift in Sources */,
				ABD36ADE2A4812850060325C /* ImagePicker.swift in Sources */,
				ABD36AE22A4834DF0060325C /* JobCardView.swift in Sources */,
				ABD36B002A4AF68A0060325C /* AudioView.swift in Sources */,
				AB520F152A3F668500C9923C /* ProfileView.swift in Sources */,
				ABD36AEE2A4A2E8D0060325C /* Chat.swift in Sources */,
				AB520EFB2A3F2DCA00C9923C /* AuthView.swift in Sources */,
				ABD36AF62A4AB95B0060325C /* ChatListView.swift in Sources */,
			);
			runOnlyForDeploymentPostprocessing = 0;
		};
/* End PBXSourcesBuildPhase section */

/* Begin PBXTargetDependency section */
		AB520ED12A3F2C8000C9923C /* PBXTargetDependency */ = {
			isa = PBXTargetDependency;
			target = AB520EBE2A3F2C7F00C9923C /* MobileAssignment */;
			targetProxy = AB520ED02A3F2C8000C9923C /* PBXContainerItemProxy */;
		};
		AB520EDB2A3F2C8000C9923C /* PBXTargetDependency */ = {
			isa = PBXTargetDependency;
			target = AB520EBE2A3F2C7F00C9923C /* MobileAssignment */;
			targetProxy = AB520EDA2A3F2C8000C9923C /* PBXContainerItemProxy */;
		};
/* End PBXTargetDependency section */

/* Begin XCBuildConfiguration section */
		AB520EE12A3F2C8000C9923C /* Debug */ = {
			isa = XCBuildConfiguration;
			buildSettings = {
				ALWAYS_SEARCH_USER_PATHS = NO;
				CLANG_ANALYZER_NONNULL = YES;
				CLANG_ANALYZER_NUMBER_OBJECT_CONVERSION = YES_AGGRESSIVE;
				CLANG_CXX_LANGUAGE_STANDARD = "gnu++20";
				CLANG_ENABLE_MODULES = YES;
				CLANG_ENABLE_OBJC_ARC = YES;
				CLANG_ENABLE_OBJC_WEAK = YES;
				CLANG_WARN_BLOCK_CAPTURE_AUTORELEASING = YES;
				CLANG_WARN_BOOL_CONVERSION = YES;
				CLANG_WARN_COMMA = YES;
				CLANG_WARN_CONSTANT_CONVERSION = YES;
				CLANG_WARN_DEPRECATED_OBJC_IMPLEMENTATIONS = YES;
				CLANG_WARN_DIRECT_OBJC_ISA_USAGE = YES_ERROR;
				CLANG_WARN_DOCUMENTATION_COMMENTS = YES;
				CLANG_WARN_EMPTY_BODY = YES;
				CLANG_WARN_ENUM_CONVERSION = YES;
				CLANG_WARN_INFINITE_RECURSION = YES;
				CLANG_WARN_INT_CONVERSION = YES;
				CLANG_WARN_NON_LITERAL_NULL_CONVERSION = YES;
				CLANG_WARN_OBJC_IMPLICIT_RETAIN_SELF = YES;
				CLANG_WARN_OBJC_LITERAL_CONVERSION = YES;
				CLANG_WARN_OBJC_ROOT_CLASS = YES_ERROR;
				CLANG_WARN_QUOTED_INCLUDE_IN_FRAMEWORK_HEADER = YES;
				CLANG_WARN_RANGE_LOOP_ANALYSIS = YES;
				CLANG_WARN_STRICT_PROTOTYPES = YES;
				CLANG_WARN_SUSPICIOUS_MOVE = YES;
				CLANG_WARN_UNGUARDED_AVAILABILITY = YES_AGGRESSIVE;
				CLANG_WARN_UNREACHABLE_CODE = YES;
				CLANG_WARN__DUPLICATE_METHOD_MATCH = YES;
				COPY_PHASE_STRIP = NO;
				DEBUG_INFORMATION_FORMAT = dwarf;
				ENABLE_STRICT_OBJC_MSGSEND = YES;
				ENABLE_TESTABILITY = YES;
				GCC_C_LANGUAGE_STANDARD = gnu11;
				GCC_DYNAMIC_NO_PIC = NO;
				GCC_NO_COMMON_BLOCKS = YES;
				GCC_OPTIMIZATION_LEVEL = 0;
				GCC_PREPROCESSOR_DEFINITIONS = (
					"DEBUG=1",
					"$(inherited)",
				);
				GCC_WARN_64_TO_32_BIT_CONVERSION = YES;
				GCC_WARN_ABOUT_RETURN_TYPE = YES_ERROR;
				GCC_WARN_UNDECLARED_SELECTOR = YES;
				GCC_WARN_UNINITIALIZED_AUTOS = YES_AGGRESSIVE;
				GCC_WARN_UNUSED_FUNCTION = YES;
				GCC_WARN_UNUSED_VARIABLE = YES;
				IPHONEOS_DEPLOYMENT_TARGET = 16.4;
				MTL_ENABLE_DEBUG_INFO = INCLUDE_SOURCE;
				MTL_FAST_MATH = YES;
				ONLY_ACTIVE_ARCH = YES;
				SDKROOT = iphoneos;
				SWIFT_ACTIVE_COMPILATION_CONDITIONS = DEBUG;
				SWIFT_OPTIMIZATION_LEVEL = "-Onone";
			};
			name = Debug;
		};
		AB520EE22A3F2C8000C9923C /* Release */ = {
			isa = XCBuildConfiguration;
			buildSettings = {
				ALWAYS_SEARCH_USER_PATHS = NO;
				CLANG_ANALYZER_NONNULL = YES;
				CLANG_ANALYZER_NUMBER_OBJECT_CONVERSION = YES_AGGRESSIVE;
				CLANG_CXX_LANGUAGE_STANDARD = "gnu++20";
				CLANG_ENABLE_MODULES = YES;
				CLANG_ENABLE_OBJC_ARC = YES;
				CLANG_ENABLE_OBJC_WEAK = YES;
				CLANG_WARN_BLOCK_CAPTURE_AUTORELEASING = YES;
				CLANG_WARN_BOOL_CONVERSION = YES;
				CLANG_WARN_COMMA = YES;
				CLANG_WARN_CONSTANT_CONVERSION = YES;
				CLANG_WARN_DEPRECATED_OBJC_IMPLEMENTATIONS = YES;
				CLANG_WARN_DIRECT_OBJC_ISA_USAGE = YES_ERROR;
				CLANG_WARN_DOCUMENTATION_COMMENTS = YES;
				CLANG_WARN_EMPTY_BODY = YES;
				CLANG_WARN_ENUM_CONVERSION = YES;
				CLANG_WARN_INFINITE_RECURSION = YES;
				CLANG_WARN_INT_CONVERSION = YES;
				CLANG_WARN_NON_LITERAL_NULL_CONVERSION = YES;
				CLANG_WARN_OBJC_IMPLICIT_RETAIN_SELF = YES;
				CLANG_WARN_OBJC_LITERAL_CONVERSION = YES;
				CLANG_WARN_OBJC_ROOT_CLASS = YES_ERROR;
				CLANG_WARN_QUOTED_INCLUDE_IN_FRAMEWORK_HEADER = YES;
				CLANG_WARN_RANGE_LOOP_ANALYSIS = YES;
				CLANG_WARN_STRICT_PROTOTYPES = YES;
				CLANG_WARN_SUSPICIOUS_MOVE = YES;
				CLANG_WARN_UNGUARDED_AVAILABILITY = YES_AGGRESSIVE;
				CLANG_WARN_UNREACHABLE_CODE = YES;
				CLANG_WARN__DUPLICATE_METHOD_MATCH = YES;
				COPY_PHASE_STRIP = NO;
				DEBUG_INFORMATION_FORMAT = "dwarf-with-dsym";
				ENABLE_NS_ASSERTIONS = NO;
				ENABLE_STRICT_OBJC_MSGSEND = YES;
				GCC_C_LANGUAGE_STANDARD = gnu11;
				GCC_NO_COMMON_BLOCKS = YES;
				GCC_WARN_64_TO_32_BIT_CONVERSION = YES;
				GCC_WARN_ABOUT_RETURN_TYPE = YES_ERROR;
				GCC_WARN_UNDECLARED_SELECTOR = YES;
				GCC_WARN_UNINITIALIZED_AUTOS = YES_AGGRESSIVE;
				GCC_WARN_UNUSED_FUNCTION = YES;
				GCC_WARN_UNUSED_VARIABLE = YES;
				IPHONEOS_DEPLOYMENT_TARGET = 16.4;
				MTL_ENABLE_DEBUG_INFO = NO;
				MTL_FAST_MATH = YES;
				SDKROOT = iphoneos;
				SWIFT_COMPILATION_MODE = wholemodule;
				SWIFT_OPTIMIZATION_LEVEL = "-O";
				VALIDATE_PRODUCT = YES;
			};
			name = Release;
		};
		AB520EE42A3F2C8000C9923C /* Debug */ = {
			isa = XCBuildConfiguration;
			buildSettings = {
				ASSETCATALOG_COMPILER_APPICON_NAME = AppIcon;
				ASSETCATALOG_COMPILER_GLOBAL_ACCENT_COLOR_NAME = AccentColor;
				CODE_SIGN_STYLE = Automatic;
				CURRENT_PROJECT_VERSION = 1;
				DEVELOPMENT_ASSET_PATHS = "\"MobileAssignment/Preview Content\"";
				DEVELOPMENT_TEAM = 27VJS637D7;
				ENABLE_PREVIEWS = YES;
				GENERATE_INFOPLIST_FILE = YES;
				INFOPLIST_FILE = MobileAssignment/Info.plist;
				INFOPLIST_KEY_NSCameraUsageDescription = "Application needs access to your camera to take photos";
				INFOPLIST_KEY_NSMicrophoneUsageDescription = "Application needs access to your microphone to record audio";
				INFOPLIST_KEY_UIApplicationSceneManifest_Generation = YES;
				INFOPLIST_KEY_UIApplicationSupportsIndirectInputEvents = YES;
				INFOPLIST_KEY_UILaunchScreen_Generation = YES;
				INFOPLIST_KEY_UISupportedInterfaceOrientations_iPad = "UIInterfaceOrientationPortrait UIInterfaceOrientationPortraitUpsideDown UIInterfaceOrientationLandscapeLeft UIInterfaceOrientationLandscapeRight";
				INFOPLIST_KEY_UISupportedInterfaceOrientations_iPhone = "UIInterfaceOrientationPortrait UIInterfaceOrientationLandscapeLeft UIInterfaceOrientationLandscapeRight";
				LD_RUNPATH_SEARCH_PATHS = (
					"$(inherited)",
					"@executable_path/Frameworks",
				);
				MARKETING_VERSION = 1.0;
				PRODUCT_BUNDLE_IDENTIFIER = com.PakSunChan.MobileAssignment;
				PRODUCT_NAME = "$(TARGET_NAME)";
				SWIFT_EMIT_LOC_STRINGS = YES;
				SWIFT_VERSION = 5.0;
				TARGETED_DEVICE_FAMILY = "1,2";
			};
			name = Debug;
		};
		AB520EE52A3F2C8000C9923C /* Release */ = {
			isa = XCBuildConfiguration;
			buildSettings = {
				ASSETCATALOG_COMPILER_APPICON_NAME = AppIcon;
				ASSETCATALOG_COMPILER_GLOBAL_ACCENT_COLOR_NAME = AccentColor;
				CODE_SIGN_STYLE = Automatic;
				CURRENT_PROJECT_VERSION = 1;
				DEVELOPMENT_ASSET_PATHS = "\"MobileAssignment/Preview Content\"";
				DEVELOPMENT_TEAM = 27VJS637D7;
				ENABLE_PREVIEWS = YES;
				GENERATE_INFOPLIST_FILE = YES;
				INFOPLIST_FILE = MobileAssignment/Info.plist;
				INFOPLIST_KEY_NSCameraUsageDescription = "Application needs access to your camera to take photos";
				INFOPLIST_KEY_NSMicrophoneUsageDescription = "Application needs access to your microphone to record audio";
				INFOPLIST_KEY_UIApplicationSceneManifest_Generation = YES;
				INFOPLIST_KEY_UIApplicationSupportsIndirectInputEvents = YES;
				INFOPLIST_KEY_UILaunchScreen_Generation = YES;
				INFOPLIST_KEY_UISupportedInterfaceOrientations_iPad = "UIInterfaceOrientationPortrait UIInterfaceOrientationPortraitUpsideDown UIInterfaceOrientationLandscapeLeft UIInterfaceOrientationLandscapeRight";
				INFOPLIST_KEY_UISupportedInterfaceOrientations_iPhone = "UIInterfaceOrientationPortrait UIInterfaceOrientationLandscapeLeft UIInterfaceOrientationLandscapeRight";
				LD_RUNPATH_SEARCH_PATHS = (
					"$(inherited)",
					"@executable_path/Frameworks",
				);
				MARKETING_VERSION = 1.0;
				PRODUCT_BUNDLE_IDENTIFIER = com.PakSunChan.MobileAssignment;
				PRODUCT_NAME = "$(TARGET_NAME)";
				SWIFT_EMIT_LOC_STRINGS = YES;
				SWIFT_VERSION = 5.0;
				TARGETED_DEVICE_FAMILY = "1,2";
			};
			name = Release;
		};
		AB520EE72A3F2C8000C9923C /* Debug */ = {
			isa = XCBuildConfiguration;
			buildSettings = {
				ALWAYS_EMBED_SWIFT_STANDARD_LIBRARIES = YES;
				BUNDLE_LOADER = "$(TEST_HOST)";
				CODE_SIGN_STYLE = Automatic;
				CURRENT_PROJECT_VERSION = 1;
				GENERATE_INFOPLIST_FILE = YES;
				IPHONEOS_DEPLOYMENT_TARGET = 16.4;
				MARKETING_VERSION = 1.0;
				PRODUCT_BUNDLE_IDENTIFIER = com.PakSunChan.MobileAssignmentTests;
				PRODUCT_NAME = "$(TARGET_NAME)";
				SWIFT_EMIT_LOC_STRINGS = NO;
				SWIFT_VERSION = 5.0;
				TARGETED_DEVICE_FAMILY = "1,2";
				TEST_HOST = "$(BUILT_PRODUCTS_DIR)/MobileAssignment.app/$(BUNDLE_EXECUTABLE_FOLDER_PATH)/MobileAssignment";
			};
			name = Debug;
		};
		AB520EE82A3F2C8000C9923C /* Release */ = {
			isa = XCBuildConfiguration;
			buildSettings = {
				ALWAYS_EMBED_SWIFT_STANDARD_LIBRARIES = YES;
				BUNDLE_LOADER = "$(TEST_HOST)";
				CODE_SIGN_STYLE = Automatic;
				CURRENT_PROJECT_VERSION = 1;
				GENERATE_INFOPLIST_FILE = YES;
				IPHONEOS_DEPLOYMENT_TARGET = 16.4;
				MARKETING_VERSION = 1.0;
				PRODUCT_BUNDLE_IDENTIFIER = com.PakSunChan.MobileAssignmentTests;
				PRODUCT_NAME = "$(TARGET_NAME)";
				SWIFT_EMIT_LOC_STRINGS = NO;
				SWIFT_VERSION = 5.0;
				TARGETED_DEVICE_FAMILY = "1,2";
				TEST_HOST = "$(BUILT_PRODUCTS_DIR)/MobileAssignment.app/$(BUNDLE_EXECUTABLE_FOLDER_PATH)/MobileAssignment";
			};
			name = Release;
		};
		AB520EEA2A3F2C8000C9923C /* Debug */ = {
			isa = XCBuildConfiguration;
			buildSettings = {
				ALWAYS_EMBED_SWIFT_STANDARD_LIBRARIES = YES;
				CODE_SIGN_STYLE = Automatic;
				CURRENT_PROJECT_VERSION = 1;
				GENERATE_INFOPLIST_FILE = YES;
				MARKETING_VERSION = 1.0;
				PRODUCT_BUNDLE_IDENTIFIER = com.PakSunChan.MobileAssignmentUITests;
				PRODUCT_NAME = "$(TARGET_NAME)";
				SWIFT_EMIT_LOC_STRINGS = NO;
				SWIFT_VERSION = 5.0;
				TARGETED_DEVICE_FAMILY = "1,2";
				TEST_TARGET_NAME = MobileAssignment;
			};
			name = Debug;
		};
		AB520EEB2A3F2C8000C9923C /* Release */ = {
			isa = XCBuildConfiguration;
			buildSettings = {
				ALWAYS_EMBED_SWIFT_STANDARD_LIBRARIES = YES;
				CODE_SIGN_STYLE = Automatic;
				CURRENT_PROJECT_VERSION = 1;
				GENERATE_INFOPLIST_FILE = YES;
				MARKETING_VERSION = 1.0;
				PRODUCT_BUNDLE_IDENTIFIER = com.PakSunChan.MobileAssignmentUITests;
				PRODUCT_NAME = "$(TARGET_NAME)";
				SWIFT_EMIT_LOC_STRINGS = NO;
				SWIFT_VERSION = 5.0;
				TARGETED_DEVICE_FAMILY = "1,2";
				TEST_TARGET_NAME = MobileAssignment;
			};
			name = Release;
		};
/* End XCBuildConfiguration section */

/* Begin XCConfigurationList section */
		AB520EBA2A3F2C7F00C9923C /* Build configuration list for PBXProject "MobileAssignment" */ = {
			isa = XCConfigurationList;
			buildConfigurations = (
				AB520EE12A3F2C8000C9923C /* Debug */,
				AB520EE22A3F2C8000C9923C /* Release */,
			);
			defaultConfigurationIsVisible = 0;
			defaultConfigurationName = Release;
		};
		AB520EE32A3F2C8000C9923C /* Build configuration list for PBXNativeTarget "MobileAssignment" */ = {
			isa = XCConfigurationList;
			buildConfigurations = (
				AB520EE42A3F2C8000C9923C /* Debug */,
				AB520EE52A3F2C8000C9923C /* Release */,
			);
			defaultConfigurationIsVisible = 0;
			defaultConfigurationName = Release;
		};
		AB520EE62A3F2C8000C9923C /* Build configuration list for PBXNativeTarget "MobileAssignmentTests" */ = {
			isa = XCConfigurationList;
			buildConfigurations = (
				AB520EE72A3F2C8000C9923C /* Debug */,
				AB520EE82A3F2C8000C9923C /* Release */,
			);
			defaultConfigurationIsVisible = 0;
			defaultConfigurationName = Release;
		};
		AB520EE92A3F2C8000C9923C /* Build configuration list for PBXNativeTarget "MobileAssignmentUITests" */ = {
			isa = XCConfigurationList;
			buildConfigurations = (
				AB520EEA2A3F2C8000C9923C /* Debug */,
				AB520EEB2A3F2C8000C9923C /* Release */,
			);
			defaultConfigurationIsVisible = 0;
			defaultConfigurationName = Release;
		};
/* End XCConfigurationList section */

/* Begin XCRemoteSwiftPackageReference section */
		AB520EF02A3F2DA100C9923C /* XCRemoteSwiftPackageReference "firebase-ios-sdk" */ = {
			isa = XCRemoteSwiftPackageReference;
			repositoryURL = "https://github.com/firebase/firebase-ios-sdk";
			requirement = {
				kind = upToNextMajorVersion;
				minimumVersion = 10.0.0;
			};
		};
		ABD36AE32A4835920060325C /* XCRemoteSwiftPackageReference "SDWebImageSwiftUI" */ = {
			isa = XCRemoteSwiftPackageReference;
			repositoryURL = "https://github.com/SDWebImage/SDWebImageSwiftUI";
			requirement = {
				kind = upToNextMajorVersion;
				minimumVersion = 2.0.0;
			};
		};
		ABD36AF72A4AE21B0060325C /* XCRemoteSwiftPackageReference "GoogleSignIn-iOS" */ = {
			isa = XCRemoteSwiftPackageReference;
			repositoryURL = "https://github.com/google/GoogleSignIn-iOS/";
			requirement = {
				kind = upToNextMajorVersion;
				minimumVersion = 7.0.0;
			};
		};
/* End XCRemoteSwiftPackageReference section */

/* Begin XCSwiftPackageProductDependency section */
		AB520EF12A3F2DA100C9923C /* FirebaseAuth */ = {
			isa = XCSwiftPackageProductDependency;
			package = AB520EF02A3F2DA100C9923C /* XCRemoteSwiftPackageReference "firebase-ios-sdk" */;
			productName = FirebaseAuth;
		};
		AB520EF32A3F2DA100C9923C /* FirebaseFirestore */ = {
			isa = XCSwiftPackageProductDependency;
			package = AB520EF02A3F2DA100C9923C /* XCRemoteSwiftPackageReference "firebase-ios-sdk" */;
			productName = FirebaseFirestore;
		};
		AB520EF52A3F2DA100C9923C /* FirebaseFirestoreSwift */ = {
			isa = XCSwiftPackageProductDependency;
			package = AB520EF02A3F2DA100C9923C /* XCRemoteSwiftPackageReference "firebase-ios-sdk" */;
			productName = FirebaseFirestoreSwift;
		};
		AB520EFD2A3F306900C9923C /* FirebaseDatabase */ = {
			isa = XCSwiftPackageProductDependency;
			package = AB520EF02A3F2DA100C9923C /* XCRemoteSwiftPackageReference "firebase-ios-sdk" */;
			productName = FirebaseDatabase;
		};
		ABD36AD52A474CEE0060325C /* FirebaseStorage */ = {
			isa = XCSwiftPackageProductDependency;
			package = AB520EF02A3F2DA100C9923C /* XCRemoteSwiftPackageReference "firebase-ios-sdk" */;
			productName = FirebaseStorage;
		};
		ABD36AE42A4835920060325C /* SDWebImageSwiftUI */ = {
			isa = XCSwiftPackageProductDependency;
			package = ABD36AE32A4835920060325C /* XCRemoteSwiftPackageReference "SDWebImageSwiftUI" */;
			productName = SDWebImageSwiftUI;
		};
		ABD36AF82A4AE21B0060325C /* GoogleSignIn */ = {
			isa = XCSwiftPackageProductDependency;
			package = ABD36AF72A4AE21B0060325C /* XCRemoteSwiftPackageReference "GoogleSignIn-iOS" */;
			productName = GoogleSignIn;
		};
		ABD36AFA2A4AE21B0060325C /* GoogleSignInSwift */ = {
			isa = XCSwiftPackageProductDependency;
			package = ABD36AF72A4AE21B0060325C /* XCRemoteSwiftPackageReference "GoogleSignIn-iOS" */;
			productName = GoogleSignInSwift;
		};
/* End XCSwiftPackageProductDependency section */
	};
	rootObject = AB520EB72A3F2C7F00C9923C /* Project object */;
}
